
Microsoft Visual Studio Solution File, Format Version 12.00
# Visual Studio Version 17
VisualStudioVersion = 17.4.33103.184
MinimumVisualStudioVersion = 10.0.40219.1
Project("{FAE04EC0-301F-11D3-BF4B-00C04F79EFBC}") = "WinFormsProducer", "WinFormsProducer\WinFormsProducer.csproj", "{A37A06CA-CB05-4261-92A8-9AB8943B9F04}"
EndProject
Project("{FAE04EC0-301F-11D3-BF4B-00C04F79EFBC}") = "WinFormsConsumer", "WinFormsConsumer\WinFormsConsumer.csproj", "{E0A166C7-EAD1-4067-A68E-C7E31F718FEF}"
EndProject
Project("{FAE04EC0-301F-11D3-BF4B-00C04F79EFBC}") = "MessageProtocolLibrary", "MessageProtocolLibrary\MessageProtocolLibrary.csproj", "{C3FF4681-E2CD-F455-FFA4-F305B973E00F}"
EndProject
Global
	GlobalSection(SolutionConfigurationPlatforms) = preSolution
		Debug|Any CPU = Debug|Any CPU
		Debug|x64 = Debug|x64
		Release|Any CPU = Release|Any CPU
		Release|x64 = Release|x64
	EndGlobalSection
	GlobalSection(ProjectConfigurationPlatforms) = postSolution
		{A37A06CA-CB05-4261-92A8-9AB8943B9F04}.Debug|Any CPU.ActiveCfg = Debug|Any CPU
		{A37A06CA-CB05-4261-92A8-9AB8943B9F04}.Debug|Any CPU.Build.0 = Debug|Any CPU
		{A37A06CA-CB05-4261-92A8-9AB8943B9F04}.Debug|x64.ActiveCfg = Debug|Any CPU
		{A37A06CA-CB05-4261-92A8-9AB8943B9F04}.Debug|x64.Build.0 = Debug|Any CPU
		{A37A06CA-CB05-4261-92A8-9AB8943B9F04}.Release|Any CPU.ActiveCfg = Release|Any CPU
		{A37A06CA-CB05-4261-92A8-9AB8943B9F04}.Release|Any CPU.Build.0 = Release|Any CPU
		{A37A06CA-CB05-4261-92A8-9AB8943B9F04}.Release|x64.ActiveCfg = Release|Any CPU
		{A37A06CA-CB05-4261-92A8-9AB8943B9F04}.Release|x64.Build.0 = Release|Any CPU
		{E0A166C7-EAD1-4067-A68E-C7E31F718FEF}.Debug|Any CPU.ActiveCfg = Debug|Any CPU
		{E0A166C7-EAD1-4067-A68E-C7E31F718FEF}.Debug|Any CPU.Build.0 = Debug|Any CPU
		{E0A166C7-EAD1-4067-A68E-C7E31F718FEF}.Debug|x64.ActiveCfg = Debug|Any CPU
		{E0A166C7-EAD1-4067-A68E-C7E31F718FEF}.Debug|x64.Build.0 = Debug|Any CPU
		{E0A166C7-EAD1-4067-A68E-C7E31F718FEF}.Release|Any CPU.ActiveCfg = Release|Any CPU
		{E0A166C7-EAD1-4067-A68E-C7E31F718FEF}.Release|Any CPU.Build.0 = Release|Any CPU
		{E0A166C7-EAD1-4067-A68E-C7E31F718FEF}.Release|x64.ActiveCfg = Release|Any CPU
		{E0A166C7-EAD1-4067-A68E-C7E31F718FEF}.Release|x64.Build.0 = Release|Any CPU
		{C3FF4681-E2CD-F455-FFA4-F305B973E00F}.Debug|Any CPU.ActiveCfg = Debug|Any CPU
		{C3FF4681-E2CD-F455-FFA4-F305B973E00F}.Debug|Any CPU.Build.0 = Debug|Any CPU
		{C3FF4681-E2CD-F455-FFA4-F305B973E00F}.Debug|x64.ActiveCfg = Debug|Any CPU
		{C3FF4681-E2CD-F455-FFA4-F305B973E00F}.Debug|x64.Build.0 = Debug|Any CPU
		{C3FF4681-E2CD-F455-FFA4-F305B973E00F}.Release|Any CPU.ActiveCfg = Release|Any CPU
		{C3FF4681-E2CD-F455-FFA4-F305B973E00F}.Release|Any CPU.Build.0 = Release|Any CPU
		{C3FF4681-E2CD-F455-FFA4-F305B973E00F}.Release|x64.ActiveCfg = Release|Any CPU
		{C3FF4681-E2CD-F455-FFA4-F305B973E00F}.Release|x64.Build.0 = Release|Any CPU
	EndGlobalSection
	GlobalSection(SolutionProperties) = preSolution
		HideSolutionNode = FALSE
	EndGlobalSection
	GlobalSection(ExtensibilityGlobals) = postSolution
		SolutionGuid = {0B7356CB-7194-4158-8F5A-8860248062F4}
	EndGlobalSection
EndGlobal
